
Microsoft Visual Studio Solution File, Format Version 12.00
# Visual Studio Version 16
VisualStudioVersion = 16.0.810.22
MinimumVisualStudioVersion = 10.0.40219.1
Project("{FAE04EC0-301F-11D3-BF4B-00C04F79EFBC}") = "Server", "Server\Server.csproj", "{B658BB9F-55CD-4C06-879F-12FEEA2F44EE}"
EndProject
Project("{FAE04EC0-301F-11D3-BF4B-00C04F79EFBC}") = "GameData", "GameData\GameData.csproj", "{ABC4C987-7178-48E7-996A-0C4C3FFDB533}"
EndProject
Project("{FAE04EC0-301F-11D3-BF4B-00C04F79EFBC}") = "TestClient", "TestClient\TestClient.csproj", "{E15032A7-CFE0-45C7-9708-DAB4BBB7479F}"
EndProject
Global
	GlobalSection(SolutionConfigurationPlatforms) = preSolution
		Debug|anycpu = Debug|anycpu
		Release|anycpu = Release|anycpu
	EndGlobalSection
	GlobalSection(ProjectConfigurationPlatforms) = postSolution
		{B024A100-15F8-447C-9119-765949FB59C5}.Debug|anycpu.ActiveCfg = Debug|anycpu
		{B024A100-15F8-447C-9119-765949FB59C5}.Debug|anycpu.Build.0 = Debug|anycpu
		{B024A100-15F8-447C-9119-765949FB59C5}.Release|anycpu.ActiveCfg = Release|anycpu
		{B024A100-15F8-447C-9119-765949FB59C5}.Release|anycpu.Build.0 = Release|anycpu
		{B658BB9F-55CD-4C06-879F-12FEEA2F44EE}.Debug|anycpu.ActiveCfg = Debug|Any CPU
		{B658BB9F-55CD-4C06-879F-12FEEA2F44EE}.Debug|anycpu.Build.0 = Debug|Any CPU
		{B658BB9F-55CD-4C06-879F-12FEEA2F44EE}.Release|anycpu.ActiveCfg = Release|Any CPU
		{B658BB9F-55CD-4C06-879F-12FEEA2F44EE}.Release|anycpu.Build.0 = Release|Any CPU
		{ABC4C987-7178-48E7-996A-0C4C3FFDB533}.Debug|anycpu.ActiveCfg = Debug|Any CPU
		{ABC4C987-7178-48E7-996A-0C4C3FFDB533}.Debug|anycpu.Build.0 = Debug|Any CPU
		{ABC4C987-7178-48E7-996A-0C4C3FFDB533}.Release|anycpu.ActiveCfg = Release|Any CPU
		{ABC4C987-7178-48E7-996A-0C4C3FFDB533}.Release|anycpu.Build.0 = Release|Any CPU
		{E15032A7-CFE0-45C7-9708-DAB4BBB7479F}.Debug|anycpu.ActiveCfg = Debug|Any CPU
		{E15032A7-CFE0-45C7-9708-DAB4BBB7479F}.Debug|anycpu.Build.0 = Debug|Any CPU
		{E15032A7-CFE0-45C7-9708-DAB4BBB7479F}.Release|anycpu.ActiveCfg = Release|Any CPU
		{E15032A7-CFE0-45C7-9708-DAB4BBB7479F}.Release|anycpu.Build.0 = Release|Any CPU
	EndGlobalSection
	GlobalSection(SolutionProperties) = preSolution
		HideSolutionNode = FALSE
	EndGlobalSection
	GlobalSection(ExtensibilityGlobals) = postSolution
		SolutionGuid = {F404D21E-8128-4AF1-9393-9DFFC84A87AB}
	EndGlobalSection
EndGlobal
