
Microsoft Visual Studio Solution File, Format Version 12.00
# Visual Studio Version 16
VisualStudioVersion = 16.0.810.22
MinimumVisualStudioVersion = 10.0.40219.1
Project("{FAE04EC0-301F-11D3-BF4B-00C04F79EFBC}") = "Server", "Server\Server.csproj", "{57C0015C-AD99-4DA0-B4E3-D5FC1CCA4CB2}"
EndProject
Project("{FAE04EC0-301F-11D3-BF4B-00C04F79EFBC}") = "GameData", "GameData\GameData.csproj", "{B1A89924-8A17-4E9F-A6EF-29428547C438}"
EndProject
Global
	GlobalSection(SolutionConfigurationPlatforms) = preSolution
		Debug|anycpu = Debug|anycpu
		Release|anycpu = Release|anycpu
	EndGlobalSection
	GlobalSection(ProjectConfigurationPlatforms) = postSolution
		{B024A100-15F8-447C-9119-765949FB59C5}.Debug|anycpu.ActiveCfg = Debug|anycpu
		{B024A100-15F8-447C-9119-765949FB59C5}.Debug|anycpu.Build.0 = Debug|anycpu
		{B024A100-15F8-447C-9119-765949FB59C5}.Release|anycpu.ActiveCfg = Release|anycpu
		{B024A100-15F8-447C-9119-765949FB59C5}.Release|anycpu.Build.0 = Release|anycpu
		{57C0015C-AD99-4DA0-B4E3-D5FC1CCA4CB2}.Debug|anycpu.ActiveCfg = Debug|Any CPU
		{57C0015C-AD99-4DA0-B4E3-D5FC1CCA4CB2}.Debug|anycpu.Build.0 = Debug|Any CPU
		{57C0015C-AD99-4DA0-B4E3-D5FC1CCA4CB2}.Release|anycpu.ActiveCfg = Release|Any CPU
		{57C0015C-AD99-4DA0-B4E3-D5FC1CCA4CB2}.Release|anycpu.Build.0 = Release|Any CPU
		{B1A89924-8A17-4E9F-A6EF-29428547C438}.Debug|anycpu.ActiveCfg = Debug|Any CPU
		{B1A89924-8A17-4E9F-A6EF-29428547C438}.Debug|anycpu.Build.0 = Debug|Any CPU
		{B1A89924-8A17-4E9F-A6EF-29428547C438}.Release|anycpu.ActiveCfg = Release|Any CPU
		{B1A89924-8A17-4E9F-A6EF-29428547C438}.Release|anycpu.Build.0 = Release|Any CPU
	EndGlobalSection
	GlobalSection(SolutionProperties) = preSolution
		HideSolutionNode = FALSE
	EndGlobalSection
	GlobalSection(ExtensibilityGlobals) = postSolution
		SolutionGuid = {F404D21E-8128-4AF1-9393-9DFFC84A87AB}
	EndGlobalSection
EndGlobal
