
Microsoft Visual Studio Solution File, Format Version 12.00
# Visual Studio 15
Project("{FAE04EC0-301F-11D3-BF4B-00C04F79EFBC}") = "UnityEngine.UI", "UnityEngine.UI.csproj", "{25DC9C62-3C47-8E41-57AD-112E78F3BC38}"
EndProject
Project("{FAE04EC0-301F-11D3-BF4B-00C04F79EFBC}") = "UnityEngine.TestRunner", "UnityEngine.TestRunner.csproj", "{B8286BCA-ABA7-18F1-F2B7-4DDD30FDD697}"
EndProject
Project("{FAE04EC0-301F-11D3-BF4B-00C04F79EFBC}") = "Unity.Timeline", "Unity.Timeline.csproj", "{41ECA9F1-A716-19B7-855E-008AFE7553A2}"
EndProject
Project("{FAE04EC0-301F-11D3-BF4B-00C04F79EFBC}") = "Unity.TextMeshPro", "Unity.TextMeshPro.csproj", "{74D48C6F-7C22-F194-70F7-F2784B12E7D1}"
EndProject
Project("{FAE04EC0-301F-11D3-BF4B-00C04F79EFBC}") = "Assembly-CSharp", "Assembly-CSharp.csproj", "{5D8600D1-F6A6-9162-8465-258CCAA12769}"
EndProject
Project("{FAE04EC0-301F-11D3-BF4B-00C04F79EFBC}") = "Assembly-CSharp-firstpass", "Assembly-CSharp-firstpass.csproj", "{66DED055-8352-3C9D-5CCE-17B85AD9B9F3}"
EndProject
Project("{FAE04EC0-301F-11D3-BF4B-00C04F79EFBC}") = "UnityEditor.TestRunner", "UnityEditor.TestRunner.csproj", "{070A50F4-A1FC-59E2-F6CA-6B2E937847B9}"
EndProject
Project("{FAE04EC0-301F-11D3-BF4B-00C04F79EFBC}") = "Unity.PlasticSCM.Editor", "Unity.PlasticSCM.Editor.csproj", "{CAE73499-4E4D-5A9A-23CA-FE271099BF58}"
EndProject
Project("{FAE04EC0-301F-11D3-BF4B-00C04F79EFBC}") = "UnityEditor.UI", "UnityEditor.UI.csproj", "{36367485-942B-8931-4EF0-9680DD68B30E}"
EndProject
Project("{FAE04EC0-301F-11D3-BF4B-00C04F79EFBC}") = "Unity.Services.Core.Editor", "Unity.Services.Core.Editor.csproj", "{65CE1C9E-10EF-769C-E192-05CAC673F9D2}"
EndProject
Project("{FAE04EC0-301F-11D3-BF4B-00C04F79EFBC}") = "Unity.Timeline.Editor", "Unity.Timeline.Editor.csproj", "{3082F82A-E060-0C13-BC1C-71518A80F6F4}"
EndProject
Project("{FAE04EC0-301F-11D3-BF4B-00C04F79EFBC}") = "Unity.VisualStudio.Editor", "Unity.VisualStudio.Editor.csproj", "{1B519284-717D-A11C-FB17-EA53613ADCAE}"
EndProject
Project("{FAE04EC0-301F-11D3-BF4B-00C04F79EFBC}") = "Unity.TextMeshPro.Editor", "Unity.TextMeshPro.Editor.csproj", "{9440C5C0-A0C2-B914-0C0E-07335ECE6F77}"
EndProject
Project("{FAE04EC0-301F-11D3-BF4B-00C04F79EFBC}") = "Unity.CollabProxy.Editor", "Unity.CollabProxy.Editor.csproj", "{A42E055D-C746-50E9-35C5-1A6D8DC3CFF9}"
EndProject
Project("{FAE04EC0-301F-11D3-BF4B-00C04F79EFBC}") = "Unity.Rider.Editor", "Unity.Rider.Editor.csproj", "{FFF84266-14F5-5C5F-D8AF-03F140121037}"
EndProject
Project("{FAE04EC0-301F-11D3-BF4B-00C04F79EFBC}") = "Unity.VSCode.Editor", "Unity.VSCode.Editor.csproj", "{99B8CD33-D668-1DE7-4514-7CB91341A5FA}"
EndProject
Project("{FAE04EC0-301F-11D3-BF4B-00C04F79EFBC}") = "Assembly-CSharp-Editor", "Assembly-CSharp-Editor.csproj", "{82D7758D-D563-7761-7451-2818F9593A8C}"
EndProject
Project("{FAE04EC0-301F-11D3-BF4B-00C04F79EFBC}") = "Assembly-CSharp-Editor-firstpass", "Assembly-CSharp-Editor-firstpass.csproj", "{51ABE4A6-2081-E418-6868-FAFF5F87CF2D}"
EndProject
Project("{FAE04EC0-301F-11D3-BF4B-00C04F79EFBC}") = "UnityEngine.UI", "UnityEngine.UI.Player.csproj", "{CC4767F1-92EA-293C-9354-B83194F260D2}"
EndProject
Project("{FAE04EC0-301F-11D3-BF4B-00C04F79EFBC}") = "UnityEngine.TestRunner", "UnityEngine.TestRunner.Player.csproj", "{BCAA4C02-DD6A-1552-B484-E991C7C1BBB7}"
EndProject
Project("{FAE04EC0-301F-11D3-BF4B-00C04F79EFBC}") = "Unity.Timeline", "Unity.Timeline.Player.csproj", "{810653BD-294B-A90E-DD25-F10D58408109}"
EndProject
Project("{FAE04EC0-301F-11D3-BF4B-00C04F79EFBC}") = "Unity.TextMeshPro", "Unity.TextMeshPro.Player.csproj", "{97266CFD-3416-6AC7-CD79-4B2542841121}"
EndProject
Project("{FAE04EC0-301F-11D3-BF4B-00C04F79EFBC}") = "Assembly-CSharp", "Assembly-CSharp.Player.csproj", "{664A7AED-9B4D-C0D7-B2E8-580A185EEDA9}"
EndProject
Project("{FAE04EC0-301F-11D3-BF4B-00C04F79EFBC}") = "Assembly-CSharp-firstpass", "Assembly-CSharp-firstpass.Player.csproj", "{36E12DEC-EB22-F545-01B2-37DBAB53450E}"
EndProject
Global
	GlobalSection(SolutionConfigurationPlatforms) = preSolution
		Debug|Any CPU = Debug|Any CPU
		Release|Any CPU = Release|Any CPU
	EndGlobalSection
	GlobalSection(ProjectConfigurationPlatforms) = postSolution
		{25DC9C62-3C47-8E41-57AD-112E78F3BC38}.Debug|Any CPU.ActiveCfg = Debug|Any CPU
		{25DC9C62-3C47-8E41-57AD-112E78F3BC38}.Debug|Any CPU.Build.0 = Debug|Any CPU
		{25DC9C62-3C47-8E41-57AD-112E78F3BC38}.Release|Any CPU.ActiveCfg = Release|Any CPU
		{25DC9C62-3C47-8E41-57AD-112E78F3BC38}.Release|Any CPU.Build.0 = Release|Any CPU
		{B8286BCA-ABA7-18F1-F2B7-4DDD30FDD697}.Debug|Any CPU.ActiveCfg = Debug|Any CPU
		{B8286BCA-ABA7-18F1-F2B7-4DDD30FDD697}.Debug|Any CPU.Build.0 = Debug|Any CPU
		{B8286BCA-ABA7-18F1-F2B7-4DDD30FDD697}.Release|Any CPU.ActiveCfg = Release|Any CPU
		{B8286BCA-ABA7-18F1-F2B7-4DDD30FDD697}.Release|Any CPU.Build.0 = Release|Any CPU
		{41ECA9F1-A716-19B7-855E-008AFE7553A2}.Debug|Any CPU.ActiveCfg = Debug|Any CPU
		{41ECA9F1-A716-19B7-855E-008AFE7553A2}.Debug|Any CPU.Build.0 = Debug|Any CPU
		{41ECA9F1-A716-19B7-855E-008AFE7553A2}.Release|Any CPU.ActiveCfg = Release|Any CPU
		{41ECA9F1-A716-19B7-855E-008AFE7553A2}.Release|Any CPU.Build.0 = Release|Any CPU
		{74D48C6F-7C22-F194-70F7-F2784B12E7D1}.Debug|Any CPU.ActiveCfg = Debug|Any CPU
		{74D48C6F-7C22-F194-70F7-F2784B12E7D1}.Debug|Any CPU.Build.0 = Debug|Any CPU
		{74D48C6F-7C22-F194-70F7-F2784B12E7D1}.Release|Any CPU.ActiveCfg = Release|Any CPU
		{74D48C6F-7C22-F194-70F7-F2784B12E7D1}.Release|Any CPU.Build.0 = Release|Any CPU
		{5D8600D1-F6A6-9162-8465-258CCAA12769}.Debug|Any CPU.ActiveCfg = Debug|Any CPU
		{5D8600D1-F6A6-9162-8465-258CCAA12769}.Debug|Any CPU.Build.0 = Debug|Any CPU
		{5D8600D1-F6A6-9162-8465-258CCAA12769}.Release|Any CPU.ActiveCfg = Release|Any CPU
		{5D8600D1-F6A6-9162-8465-258CCAA12769}.Release|Any CPU.Build.0 = Release|Any CPU
		{66DED055-8352-3C9D-5CCE-17B85AD9B9F3}.Debug|Any CPU.ActiveCfg = Debug|Any CPU
		{66DED055-8352-3C9D-5CCE-17B85AD9B9F3}.Debug|Any CPU.Build.0 = Debug|Any CPU
		{66DED055-8352-3C9D-5CCE-17B85AD9B9F3}.Release|Any CPU.ActiveCfg = Release|Any CPU
		{66DED055-8352-3C9D-5CCE-17B85AD9B9F3}.Release|Any CPU.Build.0 = Release|Any CPU
		{070A50F4-A1FC-59E2-F6CA-6B2E937847B9}.Debug|Any CPU.ActiveCfg = Debug|Any CPU
		{070A50F4-A1FC-59E2-F6CA-6B2E937847B9}.Debug|Any CPU.Build.0 = Debug|Any CPU
		{070A50F4-A1FC-59E2-F6CA-6B2E937847B9}.Release|Any CPU.ActiveCfg = Release|Any CPU
		{070A50F4-A1FC-59E2-F6CA-6B2E937847B9}.Release|Any CPU.Build.0 = Release|Any CPU
		{CAE73499-4E4D-5A9A-23CA-FE271099BF58}.Debug|Any CPU.ActiveCfg = Debug|Any CPU
		{CAE73499-4E4D-5A9A-23CA-FE271099BF58}.Debug|Any CPU.Build.0 = Debug|Any CPU
		{CAE73499-4E4D-5A9A-23CA-FE271099BF58}.Release|Any CPU.ActiveCfg = Release|Any CPU
		{CAE73499-4E4D-5A9A-23CA-FE271099BF58}.Release|Any CPU.Build.0 = Release|Any CPU
		{36367485-942B-8931-4EF0-9680DD68B30E}.Debug|Any CPU.ActiveCfg = Debug|Any CPU
		{36367485-942B-8931-4EF0-9680DD68B30E}.Debug|Any CPU.Build.0 = Debug|Any CPU
		{36367485-942B-8931-4EF0-9680DD68B30E}.Release|Any CPU.ActiveCfg = Release|Any CPU
		{36367485-942B-8931-4EF0-9680DD68B30E}.Release|Any CPU.Build.0 = Release|Any CPU
		{65CE1C9E-10EF-769C-E192-05CAC673F9D2}.Debug|Any CPU.ActiveCfg = Debug|Any CPU
		{65CE1C9E-10EF-769C-E192-05CAC673F9D2}.Debug|Any CPU.Build.0 = Debug|Any CPU
		{65CE1C9E-10EF-769C-E192-05CAC673F9D2}.Release|Any CPU.ActiveCfg = Release|Any CPU
		{65CE1C9E-10EF-769C-E192-05CAC673F9D2}.Release|Any CPU.Build.0 = Release|Any CPU
		{3082F82A-E060-0C13-BC1C-71518A80F6F4}.Debug|Any CPU.ActiveCfg = Debug|Any CPU
		{3082F82A-E060-0C13-BC1C-71518A80F6F4}.Debug|Any CPU.Build.0 = Debug|Any CPU
		{3082F82A-E060-0C13-BC1C-71518A80F6F4}.Release|Any CPU.ActiveCfg = Release|Any CPU
		{3082F82A-E060-0C13-BC1C-71518A80F6F4}.Release|Any CPU.Build.0 = Release|Any CPU
		{1B519284-717D-A11C-FB17-EA53613ADCAE}.Debug|Any CPU.ActiveCfg = Debug|Any CPU
		{1B519284-717D-A11C-FB17-EA53613ADCAE}.Debug|Any CPU.Build.0 = Debug|Any CPU
		{1B519284-717D-A11C-FB17-EA53613ADCAE}.Release|Any CPU.ActiveCfg = Release|Any CPU
		{1B519284-717D-A11C-FB17-EA53613ADCAE}.Release|Any CPU.Build.0 = Release|Any CPU
		{9440C5C0-A0C2-B914-0C0E-07335ECE6F77}.Debug|Any CPU.ActiveCfg = Debug|Any CPU
		{9440C5C0-A0C2-B914-0C0E-07335ECE6F77}.Debug|Any CPU.Build.0 = Debug|Any CPU
		{9440C5C0-A0C2-B914-0C0E-07335ECE6F77}.Release|Any CPU.ActiveCfg = Release|Any CPU
		{9440C5C0-A0C2-B914-0C0E-07335ECE6F77}.Release|Any CPU.Build.0 = Release|Any CPU
		{A42E055D-C746-50E9-35C5-1A6D8DC3CFF9}.Debug|Any CPU.ActiveCfg = Debug|Any CPU
		{A42E055D-C746-50E9-35C5-1A6D8DC3CFF9}.Debug|Any CPU.Build.0 = Debug|Any CPU
		{A42E055D-C746-50E9-35C5-1A6D8DC3CFF9}.Release|Any CPU.ActiveCfg = Release|Any CPU
		{A42E055D-C746-50E9-35C5-1A6D8DC3CFF9}.Release|Any CPU.Build.0 = Release|Any CPU
		{FFF84266-14F5-5C5F-D8AF-03F140121037}.Debug|Any CPU.ActiveCfg = Debug|Any CPU
		{FFF84266-14F5-5C5F-D8AF-03F140121037}.Debug|Any CPU.Build.0 = Debug|Any CPU
		{FFF84266-14F5-5C5F-D8AF-03F140121037}.Release|Any CPU.ActiveCfg = Release|Any CPU
		{FFF84266-14F5-5C5F-D8AF-03F140121037}.Release|Any CPU.Build.0 = Release|Any CPU
		{99B8CD33-D668-1DE7-4514-7CB91341A5FA}.Debug|Any CPU.ActiveCfg = Debug|Any CPU
		{99B8CD33-D668-1DE7-4514-7CB91341A5FA}.Debug|Any CPU.Build.0 = Debug|Any CPU
		{99B8CD33-D668-1DE7-4514-7CB91341A5FA}.Release|Any CPU.ActiveCfg = Release|Any CPU
		{99B8CD33-D668-1DE7-4514-7CB91341A5FA}.Release|Any CPU.Build.0 = Release|Any CPU
		{82D7758D-D563-7761-7451-2818F9593A8C}.Debug|Any CPU.ActiveCfg = Debug|Any CPU
		{82D7758D-D563-7761-7451-2818F9593A8C}.Debug|Any CPU.Build.0 = Debug|Any CPU
		{82D7758D-D563-7761-7451-2818F9593A8C}.Release|Any CPU.ActiveCfg = Release|Any CPU
		{82D7758D-D563-7761-7451-2818F9593A8C}.Release|Any CPU.Build.0 = Release|Any CPU
		{51ABE4A6-2081-E418-6868-FAFF5F87CF2D}.Debug|Any CPU.ActiveCfg = Debug|Any CPU
		{51ABE4A6-2081-E418-6868-FAFF5F87CF2D}.Debug|Any CPU.Build.0 = Debug|Any CPU
		{51ABE4A6-2081-E418-6868-FAFF5F87CF2D}.Release|Any CPU.ActiveCfg = Release|Any CPU
		{51ABE4A6-2081-E418-6868-FAFF5F87CF2D}.Release|Any CPU.Build.0 = Release|Any CPU
		{CC4767F1-92EA-293C-9354-B83194F260D2}.Debug|Any CPU.ActiveCfg = Debug|Any CPU
		{CC4767F1-92EA-293C-9354-B83194F260D2}.Debug|Any CPU.Build.0 = Debug|Any CPU
		{CC4767F1-92EA-293C-9354-B83194F260D2}.Release|Any CPU.ActiveCfg = Release|Any CPU
		{CC4767F1-92EA-293C-9354-B83194F260D2}.Release|Any CPU.Build.0 = Release|Any CPU
		{BCAA4C02-DD6A-1552-B484-E991C7C1BBB7}.Debug|Any CPU.ActiveCfg = Debug|Any CPU
		{BCAA4C02-DD6A-1552-B484-E991C7C1BBB7}.Debug|Any CPU.Build.0 = Debug|Any CPU
		{BCAA4C02-DD6A-1552-B484-E991C7C1BBB7}.Release|Any CPU.ActiveCfg = Release|Any CPU
		{BCAA4C02-DD6A-1552-B484-E991C7C1BBB7}.Release|Any CPU.Build.0 = Release|Any CPU
		{810653BD-294B-A90E-DD25-F10D58408109}.Debug|Any CPU.ActiveCfg = Debug|Any CPU
		{810653BD-294B-A90E-DD25-F10D58408109}.Debug|Any CPU.Build.0 = Debug|Any CPU
		{810653BD-294B-A90E-DD25-F10D58408109}.Release|Any CPU.ActiveCfg = Release|Any CPU
		{810653BD-294B-A90E-DD25-F10D58408109}.Release|Any CPU.Build.0 = Release|Any CPU
		{97266CFD-3416-6AC7-CD79-4B2542841121}.Debug|Any CPU.ActiveCfg = Debug|Any CPU
		{97266CFD-3416-6AC7-CD79-4B2542841121}.Debug|Any CPU.Build.0 = Debug|Any CPU
		{97266CFD-3416-6AC7-CD79-4B2542841121}.Release|Any CPU.ActiveCfg = Release|Any CPU
		{97266CFD-3416-6AC7-CD79-4B2542841121}.Release|Any CPU.Build.0 = Release|Any CPU
		{664A7AED-9B4D-C0D7-B2E8-580A185EEDA9}.Debug|Any CPU.ActiveCfg = Debug|Any CPU
		{664A7AED-9B4D-C0D7-B2E8-580A185EEDA9}.Debug|Any CPU.Build.0 = Debug|Any CPU
		{664A7AED-9B4D-C0D7-B2E8-580A185EEDA9}.Release|Any CPU.ActiveCfg = Release|Any CPU
		{664A7AED-9B4D-C0D7-B2E8-580A185EEDA9}.Release|Any CPU.Build.0 = Release|Any CPU
		{36E12DEC-EB22-F545-01B2-37DBAB53450E}.Debug|Any CPU.ActiveCfg = Debug|Any CPU
		{36E12DEC-EB22-F545-01B2-37DBAB53450E}.Debug|Any CPU.Build.0 = Debug|Any CPU
		{36E12DEC-EB22-F545-01B2-37DBAB53450E}.Release|Any CPU.ActiveCfg = Release|Any CPU
		{36E12DEC-EB22-F545-01B2-37DBAB53450E}.Release|Any CPU.Build.0 = Release|Any CPU
	EndGlobalSection
	GlobalSection(SolutionProperties) = preSolution
		HideSolutionNode = FALSE
	EndGlobalSection
EndGlobal
